// !$*UTF8*$!
{
	archiveVersion = 1;
	classes = {
	};
	objectVersion = 48;
	objects = {

/* Begin PBXBuildFile section */
		FB8C5DB21EF81EC200C502BC /* AppDelegate.swift in Sources */ = {isa = PBXBuildFile; fileRef = FB8C5DB11EF81EC200C502BC /* AppDelegate.swift */; };
		FB8C5DB71EF81EC200C502BC /* Main.storyboard in Resources */ = {isa = PBXBuildFile; fileRef = FB8C5DB51EF81EC200C502BC /* Main.storyboard */; };
		FB8C5DB91EF81EC200C502BC /* Assets.xcassets in Resources */ = {isa = PBXBuildFile; fileRef = FB8C5DB81EF81EC200C502BC /* Assets.xcassets */; };
		FB8C5DBC1EF81EC200C502BC /* LaunchScreen.storyboard in Resources */ = {isa = PBXBuildFile; fileRef = FB8C5DBA1EF81EC200C502BC /* LaunchScreen.storyboard */; };
		FB8C5DC41EF81FDA00C502BC /* MovieSearchTableViewController.swift in Sources */ = {isa = PBXBuildFile; fileRef = FB8C5DC31EF81FDA00C502BC /* MovieSearchTableViewController.swift */; };
		FB8C5DC61EF81FE500C502BC /* MovieDetailViewController.swift in Sources */ = {isa = PBXBuildFile; fileRef = FB8C5DC51EF81FE500C502BC /* MovieDetailViewController.swift */; };
		FB8C5DC81EF81FF500C502BC /* MovieTableViewCell.swift in Sources */ = {isa = PBXBuildFile; fileRef = FB8C5DC71EF81FF500C502BC /* MovieTableViewCell.swift */; };
		FB8C5DCA1EF8218F00C502BC /* Movie.swift in Sources */ = {isa = PBXBuildFile; fileRef = FB8C5DC91EF8218F00C502BC /* Movie.swift */; };
		FB8C5DCC1EF821A200C502BC /* MovieController.swift in Sources */ = {isa = PBXBuildFile; fileRef = FB8C5DCB1EF821A200C502BC /* MovieController.swift */; };
/* End PBXBuildFile section */

/* Begin PBXFileReference section */
		FB8C5DAE1EF81EC200C502BC /* MovieSearch.app */ = {isa = PBXFileReference; explicitFileType = wrapper.application; includeInIndex = 0; path = MovieSearch.app; sourceTree = BUILT_PRODUCTS_DIR; };
		FB8C5DB11EF81EC200C502BC /* AppDelegate.swift */ = {isa = PBXFileReference; lastKnownFileType = sourcecode.swift; path = AppDelegate.swift; sourceTree = "<group>"; };
		FB8C5DB61EF81EC200C502BC /* Base */ = {isa = PBXFileReference; lastKnownFileType = file.storyboard; name = Base; path = Base.lproj/Main.storyboard; sourceTree = "<group>"; };
		FB8C5DB81EF81EC200C502BC /* Assets.xcassets */ = {isa = PBXFileReference; lastKnownFileType = folder.assetcatalog; path = Assets.xcassets; sourceTree = "<group>"; };
		FB8C5DBB1EF81EC200C502BC /* Base */ = {isa = PBXFileReference; lastKnownFileType = file.storyboard; name = Base; path = Base.lproj/LaunchScreen.storyboard; sourceTree = "<group>"; };
		FB8C5DBD1EF81EC200C502BC /* Info.plist */ = {isa = PBXFileReference; lastKnownFileType = text.plist.xml; path = Info.plist; sourceTree = "<group>"; };
		FB8C5DC31EF81FDA00C502BC /* MovieSearchTableViewController.swift */ = {isa = PBXFileReference; lastKnownFileType = sourcecode.swift; path = MovieSearchTableViewController.swift; sourceTree = "<group>"; };
		FB8C5DC51EF81FE500C502BC /* MovieDetailViewController.swift */ = {isa = PBXFileReference; lastKnownFileType = sourcecode.swift; path = MovieDetailViewController.swift; sourceTree = "<group>"; };
		FB8C5DC71EF81FF500C502BC /* MovieTableViewCell.swift */ = {isa = PBXFileReference; lastKnownFileType = sourcecode.swift; path = MovieTableViewCell.swift; sourceTree = "<group>"; };
		FB8C5DC91EF8218F00C502BC /* Movie.swift */ = {isa = PBXFileReference; lastKnownFileType = sourcecode.swift; path = Movie.swift; sourceTree = "<group>"; };
		FB8C5DCB1EF821A200C502BC /* MovieController.swift */ = {isa = PBXFileReference; lastKnownFileType = sourcecode.swift; path = MovieController.swift; sourceTree = "<group>"; };
/* End PBXFileReference section */

/* Begin PBXFrameworksBuildPhase section */
		FB8C5DAB1EF81EC200C502BC /* Frameworks */ = {
			isa = PBXFrameworksBuildPhase;
			buildActionMask = 2147483647;
			files = (
			);
			runOnlyForDeploymentPostprocessing = 0;
		};
/* End PBXFrameworksBuildPhase section */

/* Begin PBXGroup section */
		FB8C5DA51EF81EC200C502BC = {
			isa = PBXGroup;
			children = (
				FB8C5DB01EF81EC200C502BC /* MovieSearch */,
				FB8C5DAF1EF81EC200C502BC /* Products */,
			);
			sourceTree = "<group>";
		};
		FB8C5DAF1EF81EC200C502BC /* Products */ = {
			isa = PBXGroup;
			children = (
				FB8C5DAE1EF81EC200C502BC /* MovieSearch.app */,
			);
			name = Products;
			sourceTree = "<group>";
		};
		FB8C5DB01EF81EC200C502BC /* MovieSearch */ = {
			isa = PBXGroup;
			children = (
				FB8C5DB11EF81EC200C502BC /* AppDelegate.swift */,
				FB8C5DB51EF81EC200C502BC /* Main.storyboard */,
				FB8C5DC31EF81FDA00C502BC /* MovieSearchTableViewController.swift */,
				FB8C5DC91EF8218F00C502BC /* Movie.swift */,
				FB8C5DCB1EF821A200C502BC /* MovieController.swift */,
				FB8C5DC51EF81FE500C502BC /* MovieDetailViewController.swift */,
				FB8C5DC71EF81FF500C502BC /* MovieTableViewCell.swift */,
				FB8C5DB81EF81EC200C502BC /* Assets.xcassets */,
				FB8C5DBA1EF81EC200C502BC /* LaunchScreen.storyboard */,
				FB8C5DBD1EF81EC200C502BC /* Info.plist */,
			);
			path = MovieSearch;
			sourceTree = "<group>";
		};
/* End PBXGroup section */

/* Begin PBXNativeTarget section */
		FB8C5DAD1EF81EC200C502BC /* MovieSearch */ = {
			isa = PBXNativeTarget;
			buildConfigurationList = FB8C5DC01EF81EC200C502BC /* Build configuration list for PBXNativeTarget "MovieSearch" */;
			buildPhases = (
				FB8C5DAA1EF81EC200C502BC /* Sources */,
				FB8C5DAB1EF81EC200C502BC /* Frameworks */,
				FB8C5DAC1EF81EC200C502BC /* Resources */,
			);
			buildRules = (
			);
			dependencies = (
			);
			name = MovieSearch;
			productName = MovieSearch;
			productReference = FB8C5DAE1EF81EC200C502BC /* MovieSearch.app */;
			productType = "com.apple.product-type.application";
		};
/* End PBXNativeTarget section */

/* Begin PBXProject section */
		FB8C5DA61EF81EC200C502BC /* Project object */ = {
			isa = PBXProject;
			attributes = {
				LastSwiftUpdateCheck = 0900;
				LastUpgradeCheck = 0900;
				ORGANIZATIONNAME = "Ryan Plitt";
				TargetAttributes = {
					FB8C5DAD1EF81EC200C502BC = {
						CreatedOnToolsVersion = 9.0;
					};
				};
			};
			buildConfigurationList = FB8C5DA91EF81EC200C502BC /* Build configuration list for PBXProject "MovieSearch" */;
			compatibilityVersion = "Xcode 8.0";
			developmentRegion = en;
			hasScannedForEncodings = 0;
			knownRegions = (
				en,
				Base,
			);
			mainGroup = FB8C5DA51EF81EC200C502BC;
			productRefGroup = FB8C5DAF1EF81EC200C502BC /* Products */;
			projectDirPath = "";
			projectRoot = "";
			targets = (
				FB8C5DAD1EF81EC200C502BC /* MovieSearch */,
			);
		};
/* End PBXProject section */

/* Begin PBXResourcesBuildPhase section */
		FB8C5DAC1EF81EC200C502BC /* Resources */ = {
			isa = PBXResourcesBuildPhase;
			buildActionMask = 2147483647;
			files = (
				FB8C5DBC1EF81EC200C502BC /* LaunchScreen.storyboard in Resources */,
				FB8C5DB91EF81EC200C502BC /* Assets.xcassets in Resources */,
				FB8C5DB71EF81EC200C502BC /* Main.storyboard in Resources */,
			);
			runOnlyForDeploymentPostprocessing = 0;
		};
/* End PBXResourcesBuildPhase section */

/* Begin PBXSourcesBuildPhase section */
		FB8C5DAA1EF81EC200C502BC /* Sources */ = {
			isa = PBXSourcesBuildPhase;
			buildActionMask = 2147483647;
			files = (
				FB8C5DCC1EF821A200C502BC /* MovieController.swift in Sources */,
				FB8C5DC41EF81FDA00C502BC /* MovieSearchTableViewController.swift in Sources */,
				FB8C5DC61EF81FE500C502BC /* MovieDetailViewController.swift in Sources */,
				FB8C5DC81EF81FF500C502BC /* MovieTableViewCell.swift in Sources */,
				FB8C5DB21EF81EC200C502BC /* AppDelegate.swift in Sources */,
				FB8C5DCA1EF8218F00C502BC /* Movie.swift in Sources */,
			);
			runOnlyForDeploymentPostprocessing = 0;
		};
/* End PBXSourcesBuildPhase section */

/* Begin PBXVariantGroup section */
		FB8C5DB51EF81EC200C502BC /* Main.storyboard */ = {
			isa = PBXVariantGroup;
			children = (
				FB8C5DB61EF81EC200C502BC /* Base */,
			);
			name = Main.storyboard;
			sourceTree = "<group>";
		};
		FB8C5DBA1EF81EC200C502BC /* LaunchScreen.storyboard */ = {
			isa = PBXVariantGroup;
			children = (
				FB8C5DBB1EF81EC200C502BC /* Base */,
			);
			name = LaunchScreen.storyboard;
			sourceTree = "<group>";
		};
/* End PBXVariantGroup section */

/* Begin XCBuildConfiguration section */
		FB8C5DBE1EF81EC200C502BC /* Debug */ = {
			isa = XCBuildConfiguration;
			buildSettings = {
				ALWAYS_SEARCH_USER_PATHS = NO;
				CLANG_ANALYZER_NONNULL = YES;
				CLANG_ANALYZER_NUMBER_OBJECT_CONVERSION = YES_AGGRESSIVE;
				CLANG_CXX_LANGUAGE_STANDARD = "gnu++14";
				CLANG_CXX_LIBRARY = "libc++";
				CLANG_ENABLE_MODULES = YES;
				CLANG_ENABLE_OBJC_ARC = YES;
				CLANG_WARN_BLOCK_CAPTURE_AUTORELEASING = YES;
				CLANG_WARN_BOOL_CONVERSION = YES;
				CLANG_WARN_COMMA = YES;
				CLANG_WARN_CONSTANT_CONVERSION = YES;
				CLANG_WARN_DIRECT_OBJC_ISA_USAGE = YES_ERROR;
				CLANG_WARN_DOCUMENTATION_COMMENTS = YES;
				CLANG_WARN_EMPTY_BODY = YES;
				CLANG_WARN_ENUM_CONVERSION = YES;
				CLANG_WARN_INFINITE_RECURSION = YES;
				CLANG_WARN_INT_CONVERSION = YES;
				CLANG_WARN_OBJC_ROOT_CLASS = YES_ERROR;
				CLANG_WARN_RANGE_LOOP_ANALYSIS = YES;
				CLANG_WARN_STRICT_PROTOTYPES = YES;
				CLANG_WARN_SUSPICIOUS_MOVE = YES;
				CLANG_WARN_UNGUARDED_AVAILABILITY = YES_AGGRESSIVE;
				CLANG_WARN_UNREACHABLE_CODE = YES;
				CLANG_WARN__DUPLICATE_METHOD_MATCH = YES;
				CODE_SIGN_IDENTITY = "iPhone Developer";
				COPY_PHASE_STRIP = NO;
				DEBUG_INFORMATION_FORMAT = dwarf;
				ENABLE_STRICT_OBJC_MSGSEND = YES;
				ENABLE_TESTABILITY = YES;
				GCC_C_LANGUAGE_STANDARD = gnu11;
				GCC_DYNAMIC_NO_PIC = NO;
				GCC_NO_COMMON_BLOCKS = YES;
				GCC_OPTIMIZATION_LEVEL = 0;
				GCC_PREPROCESSOR_DEFINITIONS = (
					"DEBUG=1",
					"$(inherited)",
				);
				GCC_WARN_64_TO_32_BIT_CONVERSION = YES;
				GCC_WARN_ABOUT_RETURN_TYPE = YES_ERROR;
				GCC_WARN_UNDECLARED_SELECTOR = YES;
				GCC_WARN_UNINITIALIZED_AUTOS = YES_AGGRESSIVE;
				GCC_WARN_UNUSED_FUNCTION = YES;
				GCC_WARN_UNUSED_VARIABLE = YES;
				IPHONEOS_DEPLOYMENT_TARGET = 11.0;
				MTL_ENABLE_DEBUG_INFO = YES;
				ONLY_ACTIVE_ARCH = YES;
				SDKROOT = iphoneos;
				SWIFT_ACTIVE_COMPILATION_CONDITIONS = DEBUG;
				SWIFT_OPTIMIZATION_LEVEL = "-Onone";
			};
			name = Debug;
		};
		FB8C5DBF1EF81EC200C502BC /* Release */ = {
			isa = XCBuildConfiguration;
			buildSettings = {
				ALWAYS_SEARCH_USER_PATHS = NO;
				CLANG_ANALYZER_NONNULL = YES;
				CLANG_ANALYZER_NUMBER_OBJECT_CONVERSION = YES_AGGRESSIVE;
				CLANG_CXX_LANGUAGE_STANDARD = "gnu++14";
				CLANG_CXX_LIBRARY = "libc++";
				CLANG_ENABLE_MODULES = YES;
				CLANG_ENABLE_OBJC_ARC = YES;
				CLANG_WARN_BLOCK_CAPTURE_AUTORELEASING = YES;
				CLANG_WARN_BOOL_CONVERSION = YES;
				CLANG_WARN_COMMA = YES;
				CLANG_WARN_CONSTANT_CONVERSION = YES;
				CLANG_WARN_DIRECT_OBJC_ISA_USAGE = YES_ERROR;
				CLANG_WARN_DOCUMENTATION_COMMENTS = YES;
				CLANG_WARN_EMPTY_BODY = YES;
				CLANG_WARN_ENUM_CONVERSION = YES;
				CLANG_WARN_INFINITE_RECURSION = YES;
				CLANG_WARN_INT_CONVERSION = YES;
				CLANG_WARN_OBJC_ROOT_CLASS = YES_ERROR;
				CLANG_WARN_RANGE_LOOP_ANALYSIS = YES;
				CLANG_WARN_STRICT_PROTOTYPES = YES;
				CLANG_WARN_SUSPICIOUS_MOVE = YES;
				CLANG_WARN_UNGUARDED_AVAILABILITY = YES_AGGRESSIVE;
				CLANG_WARN_UNREACHABLE_CODE = YES;
				CLANG_WARN__DUPLICATE_METHOD_MATCH = YES;
				CODE_SIGN_IDENTITY = "iPhone Developer";
				COPY_PHASE_STRIP = NO;
				DEBUG_INFORMATION_FORMAT = "dwarf-with-dsym";
				ENABLE_NS_ASSERTIONS = NO;
				ENABLE_STRICT_OBJC_MSGSEND = YES;
				GCC_C_LANGUAGE_STANDARD = gnu11;
				GCC_NO_COMMON_BLOCKS = YES;
				GCC_WARN_64_TO_32_BIT_CONVERSION = YES;
				GCC_WARN_ABOUT_RETURN_TYPE = YES_ERROR;
				GCC_WARN_UNDECLARED_SELECTOR = YES;
				GCC_WARN_UNINITIALIZED_AUTOS = YES_AGGRESSIVE;
				GCC_WARN_UNUSED_FUNCTION = YES;
				GCC_WARN_UNUSED_VARIABLE = YES;
				IPHONEOS_DEPLOYMENT_TARGET = 11.0;
				MTL_ENABLE_DEBUG_INFO = NO;
				SDKROOT = iphoneos;
				SWIFT_OPTIMIZATION_LEVEL = "-Owholemodule";
				VALIDATE_PRODUCT = YES;
			};
			name = Release;
		};
		FB8C5DC11EF81EC200C502BC /* Debug */ = {
			isa = XCBuildConfiguration;
			buildSettings = {
				ASSETCATALOG_COMPILER_APPICON_NAME = AppIcon;
				DEVELOPMENT_TEAM = H4854S58A9;
				INFOPLIST_FILE = MovieSearch/Info.plist;
				LD_RUNPATH_SEARCH_PATHS = "$(inherited) @executable_path/Frameworks";
				PRODUCT_BUNDLE_IDENTIFIER = RyanPlitt.MovieSearch;
				PRODUCT_NAME = "$(TARGET_NAME)";
				SWIFT_VERSION = 4.0;
				TARGETED_DEVICE_FAMILY = "1,2";
			};
			name = Debug;
		};
		FB8C5DC21EF81EC200C502BC /* Release */ = {
			isa = XCBuildConfiguration;
			buildSettings = {
				ASSETCATALOG_COMPILER_APPICON_NAME = AppIcon;
				DEVELOPMENT_TEAM = H4854S58A9;
				INFOPLIST_FILE = MovieSearch/Info.plist;
				LD_RUNPATH_SEARCH_PATHS = "$(inherited) @executable_path/Frameworks";
				PRODUCT_BUNDLE_IDENTIFIER = RyanPlitt.MovieSearch;
				PRODUCT_NAME = "$(TARGET_NAME)";
				SWIFT_VERSION = 4.0;
				TARGETED_DEVICE_FAMILY = "1,2";
			};
			name = Release;
		};
/* End XCBuildConfiguration section */

/* Begin XCConfigurationList section */
		FB8C5DA91EF81EC200C502BC /* Build configuration list for PBXProject "MovieSearch" */ = {
			isa = XCConfigurationList;
			buildConfigurations = (
				FB8C5DBE1EF81EC200C502BC /* Debug */,
				FB8C5DBF1EF81EC200C502BC /* Release */,
			);
			defaultConfigurationIsVisible = 0;
			defaultConfigurationName = Release;
		};
		FB8C5DC01EF81EC200C502BC /* Build configuration list for PBXNativeTarget "MovieSearch" */ = {
			isa = XCConfigurationList;
			buildConfigurations = (
				FB8C5DC11EF81EC200C502BC /* Debug */,
				FB8C5DC21EF81EC200C502BC /* Release */,
			);
			defaultConfigurationIsVisible = 0;
		};
/* End XCConfigurationList section */
	};
	rootObject = FB8C5DA61EF81EC200C502BC /* Project object */;
}
